// !$*UTF8*$!
{
	archiveVersion = 1;
	classes = {
	};
	objectVersion = 77;
	objects = {

/* Begin PBXBuildFile section */
		CA5FB8F02DB6C29A00FB667F /* ComposableArchitecture in Frameworks */ = {isa = PBXBuildFile; productRef = CA5FB8EF2DB6C29A00FB667F /* ComposableArchitecture */; };
/* End PBXBuildFile section */

/* Begin PBXContainerItemProxy section */
		CA5FB8B12DB6BA1600FB667F /* PBXContainerItemProxy */ = {
			isa = PBXContainerItemProxy;
			containerPortal = CA5FB8982DB6BA1500FB667F /* Project object */;
			proxyType = 1;
			remoteGlobalIDString = CA5FB89F2DB6BA1500FB667F;
			remoteInfo = OnboardingTCA;
		};
		CA5FB8BB2DB6BA1600FB667F /* PBXContainerItemProxy */ = {
			isa = PBXContainerItemProxy;
			containerPortal = CA5FB8982DB6BA1500FB667F /* Project object */;
			proxyType = 1;
			remoteGlobalIDString = CA5FB89F2DB6BA1500FB667F;
			remoteInfo = OnboardingTCA;
		};
/* End PBXContainerItemProxy section */

/* Begin PBXFileReference section */
		CA5FB8A02DB6BA1500FB667F /* OnboardingTCA.app */ = {isa = PBXFileReference; explicitFileType = wrapper.application; includeInIndex = 0; path = OnboardingTCA.app; sourceTree = BUILT_PRODUCTS_DIR; };
		CA5FB8B02DB6BA1600FB667F /* OnboardingTCATests.xctest */ = {isa = PBXFileReference; explicitFileType = wrapper.cfbundle; includeInIndex = 0; path = OnboardingTCATests.xctest; sourceTree = BUILT_PRODUCTS_DIR; };
		CA5FB8BA2DB6BA1600FB667F /* OnboardingTCAUITests.xctest */ = {isa = PBXFileReference; explicitFileType = wrapper.cfbundle; includeInIndex = 0; path = OnboardingTCAUITests.xctest; sourceTree = BUILT_PRODUCTS_DIR; };
/* End PBXFileReference section */

/* Begin PBXFileSystemSynchronizedBuildFileExceptionSet section */
		CA8EA0852DB7D7750073C019 /* Exceptions for "OnboardingTCA" folder in "OnboardingTCA" target */ = {
			isa = PBXFileSystemSynchronizedBuildFileExceptionSet;
			membershipExceptions = (
				Info.plist,
			);
			target = CA5FB89F2DB6BA1500FB667F /* OnboardingTCA */;
		};
/* End PBXFileSystemSynchronizedBuildFileExceptionSet section */

/* Begin PBXFileSystemSynchronizedRootGroup section */
		CA5FB8A22DB6BA1500FB667F /* OnboardingTCA */ = {
			isa = PBXFileSystemSynchronizedRootGroup;
			exceptions = (
				CA8EA0852DB7D7750073C019 /* Exceptions for "OnboardingTCA" folder in "OnboardingTCA" target */,
			);
			path = OnboardingTCA;
			sourceTree = "<group>";
		};
		CA5FB8B32DB6BA1600FB667F /* OnboardingTCATests */ = {
			isa = PBXFileSystemSynchronizedRootGroup;
			path = OnboardingTCATests;
			sourceTree = "<group>";
		};
		CA5FB8BD2DB6BA1600FB667F /* OnboardingTCAUITests */ = {
			isa = PBXFileSystemSynchronizedRootGroup;
			path = OnboardingTCAUITests;
			sourceTree = "<group>";
		};
/* End PBXFileSystemSynchronizedRootGroup section */

/* Begin PBXFrameworksBuildPhase section */
		CA5FB89D2DB6BA1500FB667F /* Frameworks */ = {
			isa = PBXFrameworksBuildPhase;
			buildActionMask = 2147483647;
			files = (
				CA5FB8F02DB6C29A00FB667F /* ComposableArchitecture in Frameworks */,
			);
			runOnlyForDeploymentPostprocessing = 0;
		};
		CA5FB8AD2DB6BA1600FB667F /* Frameworks */ = {
			isa = PBXFrameworksBuildPhase;
			buildActionMask = 2147483647;
			files = (
			);
			runOnlyForDeploymentPostprocessing = 0;
		};
		CA5FB8B72DB6BA1600FB667F /* Frameworks */ = {
			isa = PBXFrameworksBuildPhase;
			buildActionMask = 2147483647;
			files = (
			);
			runOnlyForDeploymentPostprocessing = 0;
		};
/* End PBXFrameworksBuildPhase section */

/* Begin PBXGroup section */
		CA5FB8972DB6BA1500FB667F = {
			isa = PBXGroup;
			children = (
				CA5FB8A22DB6BA1500FB667F /* OnboardingTCA */,
				CA5FB8B32DB6BA1600FB667F /* OnboardingTCATests */,
				CA5FB8BD2DB6BA1600FB667F /* OnboardingTCAUITests */,
				CA5FB8EE2DB6C29A00FB667F /* Frameworks */,
				CA5FB8A12DB6BA1500FB667F /* Products */,
			);
			sourceTree = "<group>";
		};
		CA5FB8A12DB6BA1500FB667F /* Products */ = {
			isa = PBXGroup;
			children = (
				CA5FB8A02DB6BA1500FB667F /* OnboardingTCA.app */,
				CA5FB8B02DB6BA1600FB667F /* OnboardingTCATests.xctest */,
				CA5FB8BA2DB6BA1600FB667F /* OnboardingTCAUITests.xctest */,
			);
			name = Products;
			sourceTree = "<group>";
		};
		CA5FB8EE2DB6C29A00FB667F /* Frameworks */ = {
			isa = PBXGroup;
			children = (
			);
			name = Frameworks;
			sourceTree = "<group>";
		};
/* End PBXGroup section */

/* Begin PBXNativeTarget section */
		CA5FB89F2DB6BA1500FB667F /* OnboardingTCA */ = {
			isa = PBXNativeTarget;
			buildConfigurationList = CA5FB8C42DB6BA1600FB667F /* Build configuration list for PBXNativeTarget "OnboardingTCA" */;
			buildPhases = (
				CA5FB89C2DB6BA1500FB667F /* Sources */,
				CA5FB89D2DB6BA1500FB667F /* Frameworks */,
				CA5FB89E2DB6BA1500FB667F /* Resources */,
			);
			buildRules = (
			);
			dependencies = (
			);
			fileSystemSynchronizedGroups = (
				CA5FB8A22DB6BA1500FB667F /* OnboardingTCA */,
			);
			name = OnboardingTCA;
			packageProductDependencies = (
				CA5FB8EF2DB6C29A00FB667F /* ComposableArchitecture */,
			);
			productName = OnboardingTCA;
			productReference = CA5FB8A02DB6BA1500FB667F /* OnboardingTCA.app */;
			productType = "com.apple.product-type.application";
		};
		CA5FB8AF2DB6BA1600FB667F /* OnboardingTCATests */ = {
			isa = PBXNativeTarget;
			buildConfigurationList = CA5FB8C72DB6BA1600FB667F /* Build configuration list for PBXNativeTarget "OnboardingTCATests" */;
			buildPhases = (
				CA5FB8AC2DB6BA1600FB667F /* Sources */,
				CA5FB8AD2DB6BA1600FB667F /* Frameworks */,
				CA5FB8AE2DB6BA1600FB667F /* Resources */,
			);
			buildRules = (
			);
			dependencies = (
				CA5FB8B22DB6BA1600FB667F /* PBXTargetDependency */,
			);
			fileSystemSynchronizedGroups = (
				CA5FB8B32DB6BA1600FB667F /* OnboardingTCATests */,
			);
			name = OnboardingTCATests;
			packageProductDependencies = (
			);
			productName = OnboardingTCATests;
			productReference = CA5FB8B02DB6BA1600FB667F /* OnboardingTCATests.xctest */;
			productType = "com.apple.product-type.bundle.unit-test";
		};
		CA5FB8B92DB6BA1600FB667F /* OnboardingTCAUITests */ = {
			isa = PBXNativeTarget;
			buildConfigurationList = CA5FB8CA2DB6BA1600FB667F /* Build configuration list for PBXNativeTarget "OnboardingTCAUITests" */;
			buildPhases = (
				CA5FB8B62DB6BA1600FB667F /* Sources */,
				CA5FB8B72DB6BA1600FB667F /* Frameworks */,
				CA5FB8B82DB6BA1600FB667F /* Resources */,
			);
			buildRules = (
			);
			dependencies = (
				CA5FB8BC2DB6BA1600FB667F /* PBXTargetDependency */,
			);
			fileSystemSynchronizedGroups = (
				CA5FB8BD2DB6BA1600FB667F /* OnboardingTCAUITests */,
			);
			name = OnboardingTCAUITests;
			packageProductDependencies = (
			);
			productName = OnboardingTCAUITests;
			productReference = CA5FB8BA2DB6BA1600FB667F /* OnboardingTCAUITests.xctest */;
			productType = "com.apple.product-type.bundle.ui-testing";
		};
/* End PBXNativeTarget section */

/* Begin PBXProject section */
		CA5FB8982DB6BA1500FB667F /* Project object */ = {
			isa = PBXProject;
			attributes = {
				BuildIndependentTargetsInParallel = 1;
				LastSwiftUpdateCheck = 1620;
				LastUpgradeCheck = 1620;
				TargetAttributes = {
					CA5FB89F2DB6BA1500FB667F = {
						CreatedOnToolsVersion = 16.2;
					};
					CA5FB8AF2DB6BA1600FB667F = {
						CreatedOnToolsVersion = 16.2;
						TestTargetID = CA5FB89F2DB6BA1500FB667F;
					};
					CA5FB8B92DB6BA1600FB667F = {
						CreatedOnToolsVersion = 16.2;
						TestTargetID = CA5FB89F2DB6BA1500FB667F;
					};
				};
			};
			buildConfigurationList = CA5FB89B2DB6BA1500FB667F /* Build configuration list for PBXProject "OnboardingTCA" */;
			developmentRegion = en;
			hasScannedForEncodings = 0;
			knownRegions = (
				en,
				Base,
			);
			mainGroup = CA5FB8972DB6BA1500FB667F;
			minimizedProjectReferenceProxies = 1;
			packageReferences = (
				CA5FB8EA2DB6C00200FB667F /* XCRemoteSwiftPackageReference "swift-composable-architecture" */,
			);
			preferredProjectObjectVersion = 77;
			productRefGroup = CA5FB8A12DB6BA1500FB667F /* Products */;
			projectDirPath = "";
			projectRoot = "";
			targets = (
				CA5FB89F2DB6BA1500FB667F /* OnboardingTCA */,
				CA5FB8AF2DB6BA1600FB667F /* OnboardingTCATests */,
				CA5FB8B92DB6BA1600FB667F /* OnboardingTCAUITests */,
			);
		};
/* End PBXProject section */

/* Begin PBXResourcesBuildPhase section */
		CA5FB89E2DB6BA1500FB667F /* Resources */ = {
			isa = PBXResourcesBuildPhase;
			buildActionMask = 2147483647;
			files = (
			);
			runOnlyForDeploymentPostprocessing = 0;
		};
		CA5FB8AE2DB6BA1600FB667F /* Resources */ = {
			isa = PBXResourcesBuildPhase;
			buildActionMask = 2147483647;
			files = (
			);
			runOnlyForDeploymentPostprocessing = 0;
		};
		CA5FB8B82DB6BA1600FB667F /* Resources */ = {
			isa = PBXResourcesBuildPhase;
			buildActionMask = 2147483647;
			files = (
			);
			runOnlyForDeploymentPostprocessing = 0;
		};
/* End PBXResourcesBuildPhase section */

/* Begin PBXSourcesBuildPhase section */
		CA5FB89C2DB6BA1500FB667F /* Sources */ = {
			isa = PBXSourcesBuildPhase;
			buildActionMask = 2147483647;
			files = (
			);
			runOnlyForDeploymentPostprocessing = 0;
		};
		CA5FB8AC2DB6BA1600FB667F /* Sources */ = {
			isa = PBXSourcesBuildPhase;
			buildActionMask = 2147483647;
			files = (
			);
			runOnlyForDeploymentPostprocessing = 0;
		};
		CA5FB8B62DB6BA1600FB667F /* Sources */ = {
			isa = PBXSourcesBuildPhase;
			buildActionMask = 2147483647;
			files = (
			);
			runOnlyForDeploymentPostprocessing = 0;
		};
/* End PBXSourcesBuildPhase section */

/* Begin PBXTargetDependency section */
		CA5FB8B22DB6BA1600FB667F /* PBXTargetDependency */ = {
			isa = PBXTargetDependency;
			target = CA5FB89F2DB6BA1500FB667F /* OnboardingTCA */;
			targetProxy = CA5FB8B12DB6BA1600FB667F /* PBXContainerItemProxy */;
		};
		CA5FB8BC2DB6BA1600FB667F /* PBXTargetDependency */ = {
			isa = PBXTargetDependency;
			target = CA5FB89F2DB6BA1500FB667F /* OnboardingTCA */;
			targetProxy = CA5FB8BB2DB6BA1600FB667F /* PBXContainerItemProxy */;
		};
/* End PBXTargetDependency section */

/* Begin XCBuildConfiguration section */
		CA5FB8C22DB6BA1600FB667F /* Debug */ = {
			isa = XCBuildConfiguration;
			buildSettings = {
				ALWAYS_SEARCH_USER_PATHS = NO;
				ASSETCATALOG_COMPILER_GENERATE_SWIFT_ASSET_SYMBOL_EXTENSIONS = YES;
				CLANG_ANALYZER_NONNULL = YES;
				CLANG_ANALYZER_NUMBER_OBJECT_CONVERSION = YES_AGGRESSIVE;
				CLANG_CXX_LANGUAGE_STANDARD = "gnu++20";
				CLANG_ENABLE_MODULES = YES;
				CLANG_ENABLE_OBJC_ARC = YES;
				CLANG_ENABLE_OBJC_WEAK = YES;
				CLANG_WARN_BLOCK_CAPTURE_AUTORELEASING = YES;
				CLANG_WARN_BOOL_CONVERSION = YES;
				CLANG_WARN_COMMA = YES;
				CLANG_WARN_CONSTANT_CONVERSION = YES;
				CLANG_WARN_DEPRECATED_OBJC_IMPLEMENTATIONS = YES;
				CLANG_WARN_DIRECT_OBJC_ISA_USAGE = YES_ERROR;
				CLANG_WARN_DOCUMENTATION_COMMENTS = YES;
				CLANG_WARN_EMPTY_BODY = YES;
				CLANG_WARN_ENUM_CONVERSION = YES;
				CLANG_WARN_INFINITE_RECURSION = YES;
				CLANG_WARN_INT_CONVERSION = YES;
				CLANG_WARN_NON_LITERAL_NULL_CONVERSION = YES;
				CLANG_WARN_OBJC_IMPLICIT_RETAIN_SELF = YES;
				CLANG_WARN_OBJC_LITERAL_CONVERSION = YES;
				CLANG_WARN_OBJC_ROOT_CLASS = YES_ERROR;
				CLANG_WARN_QUOTED_INCLUDE_IN_FRAMEWORK_HEADER = YES;
				CLANG_WARN_RANGE_LOOP_ANALYSIS = YES;
				CLANG_WARN_STRICT_PROTOTYPES = YES;
				CLANG_WARN_SUSPICIOUS_MOVE = YES;
				CLANG_WARN_UNGUARDED_AVAILABILITY = YES_AGGRESSIVE;
				CLANG_WARN_UNREACHABLE_CODE = YES;
				CLANG_WARN__DUPLICATE_METHOD_MATCH = YES;
				COPY_PHASE_STRIP = NO;
				DEBUG_INFORMATION_FORMAT = dwarf;
				ENABLE_STRICT_OBJC_MSGSEND = YES;
				ENABLE_TESTABILITY = YES;
				ENABLE_USER_SCRIPT_SANDBOXING = YES;
				GCC_C_LANGUAGE_STANDARD = gnu17;
				GCC_DYNAMIC_NO_PIC = NO;
				GCC_NO_COMMON_BLOCKS = YES;
				GCC_OPTIMIZATION_LEVEL = 0;
				GCC_PREPROCESSOR_DEFINITIONS = (
					"DEBUG=1",
					"$(inherited)",
				);
				GCC_WARN_64_TO_32_BIT_CONVERSION = YES;
				GCC_WARN_ABOUT_RETURN_TYPE = YES_ERROR;
				GCC_WARN_UNDECLARED_SELECTOR = YES;
				GCC_WARN_UNINITIALIZED_AUTOS = YES_AGGRESSIVE;
				GCC_WARN_UNUSED_FUNCTION = YES;
				GCC_WARN_UNUSED_VARIABLE = YES;
				IPHONEOS_DEPLOYMENT_TARGET = 18.2;
				LOCALIZATION_PREFERS_STRING_CATALOGS = YES;
				MTL_ENABLE_DEBUG_INFO = INCLUDE_SOURCE;
				MTL_FAST_MATH = YES;
				ONLY_ACTIVE_ARCH = YES;
				SDKROOT = iphoneos;
				SWIFT_ACTIVE_COMPILATION_CONDITIONS = "DEBUG $(inherited)";
				SWIFT_OPTIMIZATION_LEVEL = "-Onone";
			};
			name = Debug;
		};
		CA5FB8C32DB6BA1600FB667F /* Release */ = {
			isa = XCBuildConfiguration;
			buildSettings = {
				ALWAYS_SEARCH_USER_PATHS = NO;
				ASSETCATALOG_COMPILER_GENERATE_SWIFT_ASSET_SYMBOL_EXTENSIONS = YES;
				CLANG_ANALYZER_NONNULL = YES;
				CLANG_ANALYZER_NUMBER_OBJECT_CONVERSION = YES_AGGRESSIVE;
				CLANG_CXX_LANGUAGE_STANDARD = "gnu++20";
				CLANG_ENABLE_MODULES = YES;
				CLANG_ENABLE_OBJC_ARC = YES;
				CLANG_ENABLE_OBJC_WEAK = YES;
				CLANG_WARN_BLOCK_CAPTURE_AUTORELEASING = YES;
				CLANG_WARN_BOOL_CONVERSION = YES;
				CLANG_WARN_COMMA = YES;
				CLANG_WARN_CONSTANT_CONVERSION = YES;
				CLANG_WARN_DEPRECATED_OBJC_IMPLEMENTATIONS = YES;
				CLANG_WARN_DIRECT_OBJC_ISA_USAGE = YES_ERROR;
				CLANG_WARN_DOCUMENTATION_COMMENTS = YES;
				CLANG_WARN_EMPTY_BODY = YES;
				CLANG_WARN_ENUM_CONVERSION = YES;
				CLANG_WARN_INFINITE_RECURSION = YES;
				CLANG_WARN_INT_CONVERSION = YES;
				CLANG_WARN_NON_LITERAL_NULL_CONVERSION = YES;
				CLANG_WARN_OBJC_IMPLICIT_RETAIN_SELF = YES;
				CLANG_WARN_OBJC_LITERAL_CONVERSION = YES;
				CLANG_WARN_OBJC_ROOT_CLASS = YES_ERROR;
				CLANG_WARN_QUOTED_INCLUDE_IN_FRAMEWORK_HEADER = YES;
				CLANG_WARN_RANGE_LOOP_ANALYSIS = YES;
				CLANG_WARN_STRICT_PROTOTYPES = YES;
				CLANG_WARN_SUSPICIOUS_MOVE = YES;
				CLANG_WARN_UNGUARDED_AVAILABILITY = YES_AGGRESSIVE;
				CLANG_WARN_UNREACHABLE_CODE = YES;
				CLANG_WARN__DUPLICATE_METHOD_MATCH = YES;
				COPY_PHASE_STRIP = NO;
				DEBUG_INFORMATION_FORMAT = "dwarf-with-dsym";
				ENABLE_NS_ASSERTIONS = NO;
				ENABLE_STRICT_OBJC_MSGSEND = YES;
				ENABLE_USER_SCRIPT_SANDBOXING = YES;
				GCC_C_LANGUAGE_STANDARD = gnu17;
				GCC_NO_COMMON_BLOCKS = YES;
				GCC_WARN_64_TO_32_BIT_CONVERSION = YES;
				GCC_WARN_ABOUT_RETURN_TYPE = YES_ERROR;
				GCC_WARN_UNDECLARED_SELECTOR = YES;
				GCC_WARN_UNINITIALIZED_AUTOS = YES_AGGRESSIVE;
				GCC_WARN_UNUSED_FUNCTION = YES;
				GCC_WARN_UNUSED_VARIABLE = YES;
				IPHONEOS_DEPLOYMENT_TARGET = 18.2;
				LOCALIZATION_PREFERS_STRING_CATALOGS = YES;
				MTL_ENABLE_DEBUG_INFO = NO;
				MTL_FAST_MATH = YES;
				SDKROOT = iphoneos;
				SWIFT_COMPILATION_MODE = wholemodule;
				VALIDATE_PRODUCT = YES;
			};
			name = Release;
		};
		CA5FB8C52DB6BA1600FB667F /* Debug */ = {
			isa = XCBuildConfiguration;
			buildSettings = {
				ASSETCATALOG_COMPILER_APPICON_NAME = AppIcon;
				ASSETCATALOG_COMPILER_GLOBAL_ACCENT_COLOR_NAME = AccentColor;
				CODE_SIGN_STYLE = Automatic;
				CURRENT_PROJECT_VERSION = 1;
				DEVELOPMENT_ASSET_PATHS = "\"OnboardingTCA/Preview Content\"";
				DEVELOPMENT_TEAM = B27972CSZ6;
				ENABLE_PREVIEWS = YES;
				GENERATE_INFOPLIST_FILE = YES;
				INFOPLIST_FILE = OnboardingTCA/Info.plist;
				INFOPLIST_KEY_UIApplicationSceneManifest_Generation = YES;
				INFOPLIST_KEY_UIApplicationSupportsIndirectInputEvents = YES;
				INFOPLIST_KEY_UILaunchScreen_Generation = YES;
				INFOPLIST_KEY_UISupportedInterfaceOrientations_iPad = "UIInterfaceOrientationPortrait UIInterfaceOrientationPortraitUpsideDown UIInterfaceOrientationLandscapeLeft UIInterfaceOrientationLandscapeRight";
				INFOPLIST_KEY_UISupportedInterfaceOrientations_iPhone = "UIInterfaceOrientationPortrait UIInterfaceOrientationLandscapeLeft UIInterfaceOrientationLandscapeRight";
				LD_RUNPATH_SEARCH_PATHS = (
					"$(inherited)",
					"@executable_path/Frameworks",
				);
				MARKETING_VERSION = 1.0;
				PRODUCT_BUNDLE_IDENTIFIER = com.jvalli.OnboardingTCA;
				PRODUCT_NAME = "$(TARGET_NAME)";
				SWIFT_EMIT_LOC_STRINGS = YES;
				SWIFT_VERSION = 5.0;
				TARGETED_DEVICE_FAMILY = "1,2";
			};
			name = Debug;
		};
		CA5FB8C62DB6BA1600FB667F /* Release */ = {
			isa = XCBuildConfiguration;
			buildSettings = {
				ASSETCATALOG_COMPILER_APPICON_NAME = AppIcon;
				ASSETCATALOG_COMPILER_GLOBAL_ACCENT_COLOR_NAME = AccentColor;
				CODE_SIGN_STYLE = Automatic;
				CURRENT_PROJECT_VERSION = 1;
				DEVELOPMENT_ASSET_PATHS = "\"OnboardingTCA/Preview Content\"";
				DEVELOPMENT_TEAM = B27972CSZ6;
				ENABLE_PREVIEWS = YES;
				GENERATE_INFOPLIST_FILE = YES;
				INFOPLIST_FILE = OnboardingTCA/Info.plist;
				INFOPLIST_KEY_UIApplicationSceneManifest_Generation = YES;
				INFOPLIST_KEY_UIApplicationSupportsIndirectInputEvents = YES;
				INFOPLIST_KEY_UILaunchScreen_Generation = YES;
				INFOPLIST_KEY_UISupportedInterfaceOrientations_iPad = "UIInterfaceOrientationPortrait UIInterfaceOrientationPortraitUpsideDown UIInterfaceOrientationLandscapeLeft UIInterfaceOrientationLandscapeRight";
				INFOPLIST_KEY_UISupportedInterfaceOrientations_iPhone = "UIInterfaceOrientationPortrait UIInterfaceOrientationLandscapeLeft UIInterfaceOrientationLandscapeRight";
				LD_RUNPATH_SEARCH_PATHS = (
					"$(inherited)",
					"@executable_path/Frameworks",
				);
				MARKETING_VERSION = 1.0;
				PRODUCT_BUNDLE_IDENTIFIER = com.jvalli.OnboardingTCA;
				PRODUCT_NAME = "$(TARGET_NAME)";
				SWIFT_EMIT_LOC_STRINGS = YES;
				SWIFT_VERSION = 5.0;
				TARGETED_DEVICE_FAMILY = "1,2";
			};
			name = Release;
		};
		CA5FB8C82DB6BA1600FB667F /* Debug */ = {
			isa = XCBuildConfiguration;
			buildSettings = {
				BUNDLE_LOADER = "$(TEST_HOST)";
				CODE_SIGN_STYLE = Automatic;
				CURRENT_PROJECT_VERSION = 1;
				DEVELOPMENT_TEAM = B27972CSZ6;
				GENERATE_INFOPLIST_FILE = YES;
				IPHONEOS_DEPLOYMENT_TARGET = 18.2;
				MARKETING_VERSION = 1.0;
				PRODUCT_BUNDLE_IDENTIFIER = com.jvalli.OnboardingTCATests;
				PRODUCT_NAME = "$(TARGET_NAME)";
				SWIFT_EMIT_LOC_STRINGS = NO;
				SWIFT_VERSION = 5.0;
				TARGETED_DEVICE_FAMILY = "1,2";
				TEST_HOST = "$(BUILT_PRODUCTS_DIR)/OnboardingTCA.app/$(BUNDLE_EXECUTABLE_FOLDER_PATH)/OnboardingTCA";
			};
			name = Debug;
		};
		CA5FB8C92DB6BA1600FB667F /* Release */ = {
			isa = XCBuildConfiguration;
			buildSettings = {
				BUNDLE_LOADER = "$(TEST_HOST)";
				CODE_SIGN_STYLE = Automatic;
				CURRENT_PROJECT_VERSION = 1;
				DEVELOPMENT_TEAM = B27972CSZ6;
				GENERATE_INFOPLIST_FILE = YES;
				IPHONEOS_DEPLOYMENT_TARGET = 18.2;
				MARKETING_VERSION = 1.0;
				PRODUCT_BUNDLE_IDENTIFIER = com.jvalli.OnboardingTCATests;
				PRODUCT_NAME = "$(TARGET_NAME)";
				SWIFT_EMIT_LOC_STRINGS = NO;
				SWIFT_VERSION = 5.0;
				TARGETED_DEVICE_FAMILY = "1,2";
				TEST_HOST = "$(BUILT_PRODUCTS_DIR)/OnboardingTCA.app/$(BUNDLE_EXECUTABLE_FOLDER_PATH)/OnboardingTCA";
			};
			name = Release;
		};
		CA5FB8CB2DB6BA1600FB667F /* Debug */ = {
			isa = XCBuildConfiguration;
			buildSettings = {
				CODE_SIGN_STYLE = Automatic;
				CURRENT_PROJECT_VERSION = 1;
				DEVELOPMENT_TEAM = B27972CSZ6;
				GENERATE_INFOPLIST_FILE = YES;
				MARKETING_VERSION = 1.0;
				PRODUCT_BUNDLE_IDENTIFIER = com.jvalli.OnboardingTCAUITests;
				PRODUCT_NAME = "$(TARGET_NAME)";
				SWIFT_EMIT_LOC_STRINGS = NO;
				SWIFT_VERSION = 5.0;
				TARGETED_DEVICE_FAMILY = "1,2";
				TEST_TARGET_NAME = OnboardingTCA;
			};
			name = Debug;
		};
		CA5FB8CC2DB6BA1600FB667F /* Release */ = {
			isa = XCBuildConfiguration;
			buildSettings = {
				CODE_SIGN_STYLE = Automatic;
				CURRENT_PROJECT_VERSION = 1;
				DEVELOPMENT_TEAM = B27972CSZ6;
				GENERATE_INFOPLIST_FILE = YES;
				MARKETING_VERSION = 1.0;
				PRODUCT_BUNDLE_IDENTIFIER = com.jvalli.OnboardingTCAUITests;
				PRODUCT_NAME = "$(TARGET_NAME)";
				SWIFT_EMIT_LOC_STRINGS = NO;
				SWIFT_VERSION = 5.0;
				TARGETED_DEVICE_FAMILY = "1,2";
				TEST_TARGET_NAME = OnboardingTCA;
			};
			name = Release;
		};
/* End XCBuildConfiguration section */

/* Begin XCConfigurationList section */
		CA5FB89B2DB6BA1500FB667F /* Build configuration list for PBXProject "OnboardingTCA" */ = {
			isa = XCConfigurationList;
			buildConfigurations = (
				CA5FB8C22DB6BA1600FB667F /* Debug */,
				CA5FB8C32DB6BA1600FB667F /* Release */,
			);
			defaultConfigurationIsVisible = 0;
			defaultConfigurationName = Release;
		};
		CA5FB8C42DB6BA1600FB667F /* Build configuration list for PBXNativeTarget "OnboardingTCA" */ = {
			isa = XCConfigurationList;
			buildConfigurations = (
				CA5FB8C52DB6BA1600FB667F /* Debug */,
				CA5FB8C62DB6BA1600FB667F /* Release */,
			);
			defaultConfigurationIsVisible = 0;
			defaultConfigurationName = Release;
		};
		CA5FB8C72DB6BA1600FB667F /* Build configuration list for PBXNativeTarget "OnboardingTCATests" */ = {
			isa = XCConfigurationList;
			buildConfigurations = (
				CA5FB8C82DB6BA1600FB667F /* Debug */,
				CA5FB8C92DB6BA1600FB667F /* Release */,
			);
			defaultConfigurationIsVisible = 0;
			defaultConfigurationName = Release;
		};
		CA5FB8CA2DB6BA1600FB667F /* Build configuration list for PBXNativeTarget "OnboardingTCAUITests" */ = {
			isa = XCConfigurationList;
			buildConfigurations = (
				CA5FB8CB2DB6BA1600FB667F /* Debug */,
				CA5FB8CC2DB6BA1600FB667F /* Release */,
			);
			defaultConfigurationIsVisible = 0;
			defaultConfigurationName = Release;
		};
/* End XCConfigurationList section */

/* Begin XCRemoteSwiftPackageReference section */
		CA5FB8EA2DB6C00200FB667F /* XCRemoteSwiftPackageReference "swift-composable-architecture" */ = {
			isa = XCRemoteSwiftPackageReference;
			repositoryURL = "https://github.com/pointfreeco/swift-composable-architecture";
			requirement = {
				kind = upToNextMajorVersion;
				minimumVersion = 1.19.1;
			};
		};
/* End XCRemoteSwiftPackageReference section */

/* Begin XCSwiftPackageProductDependency section */
		CA5FB8EF2DB6C29A00FB667F /* ComposableArchitecture */ = {
			isa = XCSwiftPackageProductDependency;
			package = CA5FB8EA2DB6C00200FB667F /* XCRemoteSwiftPackageReference "swift-composable-architecture" */;
			productName = ComposableArchitecture;
		};
/* End XCSwiftPackageProductDependency section */
	};
	rootObject = CA5FB8982DB6BA1500FB667F /* Project object */;
}
